
Microsoft Visual Studio Solution File, Format Version 12.00
# Visual Studio 15
VisualStudioVersion = 15.0.28307.852
MinimumVisualStudioVersion = 10.0.40219.1
Project("{FAE04EC0-301F-11D3-BF4B-00C04F79EFBC}") = "ProyectoBD", "ProyectoBD\ProyectoBD.csproj", "{E39EB433-F8DE-46A4-BD59-B2B9434A4639}"
EndProject
Global
	GlobalSection(SolutionConfigurationPlatforms) = preSolution
		Debug|Any CPU = Debug|Any CPU
		Release|Any CPU = Release|Any CPU
	EndGlobalSection
	GlobalSection(ProjectConfigurationPlatforms) = postSolution
		{E39EB433-F8DE-46A4-BD59-B2B9434A4639}.Debug|Any CPU.ActiveCfg = Debug|Any CPU
		{E39EB433-F8DE-46A4-BD59-B2B9434A4639}.Debug|Any CPU.Build.0 = Debug|Any CPU
		{E39EB433-F8DE-46A4-BD59-B2B9434A4639}.Release|Any CPU.ActiveCfg = Release|Any CPU
		{E39EB433-F8DE-46A4-BD59-B2B9434A4639}.Release|Any CPU.Build.0 = Release|Any CPU
	EndGlobalSection
	GlobalSection(SolutionProperties) = preSolution
		HideSolutionNode = FALSE
	EndGlobalSection
	GlobalSection(ExtensibilityGlobals) = postSolution
		SolutionGuid = {75CE2B85-CEE6-467A-BB97-90A7571C6C6B}
	EndGlobalSection
EndGlobal
